
Microsoft Visual Studio Solution File, Format Version 12.00
# Visual Studio Version 17
VisualStudioVersion = 17.11.35312.102
MinimumVisualStudioVersion = 10.0.40219.1
Project("{FAE04EC0-301F-11D3-BF4B-00C04F79EFBC}") = "01HittaTal", "01HittaTal\01HittaTal.csproj", "{B233A02B-9DD0-427B-AC81-F0B96748358C}"
EndProject
Global
	GlobalSection(SolutionConfigurationPlatforms) = preSolution
		Debug|Any CPU = Debug|Any CPU
		Release|Any CPU = Release|Any CPU
	EndGlobalSection
	GlobalSection(ProjectConfigurationPlatforms) = postSolution
		{B233A02B-9DD0-427B-AC81-F0B96748358C}.Debug|Any CPU.ActiveCfg = Debug|Any CPU
		{B233A02B-9DD0-427B-AC81-F0B96748358C}.Debug|Any CPU.Build.0 = Debug|Any CPU
		{B233A02B-9DD0-427B-AC81-F0B96748358C}.Release|Any CPU.ActiveCfg = Release|Any CPU
		{B233A02B-9DD0-427B-AC81-F0B96748358C}.Release|Any CPU.Build.0 = Release|Any CPU
	EndGlobalSection
	GlobalSection(SolutionProperties) = preSolution
		HideSolutionNode = FALSE
	EndGlobalSection
	GlobalSection(ExtensibilityGlobals) = postSolution
		SolutionGuid = {C19841B9-2826-429B-B670-E047F813024B}
	EndGlobalSection
EndGlobal
